// !$*UTF8*$!
{
	archiveVersion = 1;
	classes = {
	};
	objectVersion = 50;
	objects = {

/* Begin PBXBuildFile section */
		D5B974F9226773F400F972E0 /* AppDelegate.swift in Sources */ = {isa = PBXBuildFile; fileRef = D5B974F8226773F400F972E0 /* AppDelegate.swift */; };
		D5B974FB226773F400F972E0 /* ViewController.swift in Sources */ = {isa = PBXBuildFile; fileRef = D5B974FA226773F400F972E0 /* ViewController.swift */; };
		D5B974FE226773F400F972E0 /* Main.storyboard in Resources */ = {isa = PBXBuildFile; fileRef = D5B974FC226773F400F972E0 /* Main.storyboard */; };
		D5B97500226773F700F972E0 /* Assets.xcassets in Resources */ = {isa = PBXBuildFile; fileRef = D5B974FF226773F700F972E0 /* Assets.xcassets */; };
		D5B97503226773F700F972E0 /* LaunchScreen.storyboard in Resources */ = {isa = PBXBuildFile; fileRef = D5B97501226773F700F972E0 /* LaunchScreen.storyboard */; };
		D5B9750E226773F700F972E0 /* exerciciosTests.swift in Sources */ = {isa = PBXBuildFile; fileRef = D5B9750D226773F700F972E0 /* exerciciosTests.swift */; };
		D5B97519226773F700F972E0 /* exerciciosUITests.swift in Sources */ = {isa = PBXBuildFile; fileRef = D5B97518226773F700F972E0 /* exerciciosUITests.swift */; };
/* End PBXBuildFile section */

/* Begin PBXContainerItemProxy section */
		D5B9750A226773F700F972E0 /* PBXContainerItemProxy */ = {
			isa = PBXContainerItemProxy;
			containerPortal = D5B974ED226773F400F972E0 /* Project object */;
			proxyType = 1;
			remoteGlobalIDString = D5B974F4226773F400F972E0;
			remoteInfo = exercicios;
		};
		D5B97515226773F700F972E0 /* PBXContainerItemProxy */ = {
			isa = PBXContainerItemProxy;
			containerPortal = D5B974ED226773F400F972E0 /* Project object */;
			proxyType = 1;
			remoteGlobalIDString = D5B974F4226773F400F972E0;
			remoteInfo = exercicios;
		};
/* End PBXContainerItemProxy section */

/* Begin PBXFileReference section */
		D5B974F5226773F400F972E0 /* exercicios.app */ = {isa = PBXFileReference; explicitFileType = wrapper.application; includeInIndex = 0; path = exercicios.app; sourceTree = BUILT_PRODUCTS_DIR; };
		D5B974F8226773F400F972E0 /* AppDelegate.swift */ = {isa = PBXFileReference; lastKnownFileType = sourcecode.swift; path = AppDelegate.swift; sourceTree = "<group>"; };
		D5B974FA226773F400F972E0 /* ViewController.swift */ = {isa = PBXFileReference; lastKnownFileType = sourcecode.swift; path = ViewController.swift; sourceTree = "<group>"; };
		D5B974FD226773F400F972E0 /* Base */ = {isa = PBXFileReference; lastKnownFileType = file.storyboard; name = Base; path = Base.lproj/Main.storyboard; sourceTree = "<group>"; };
		D5B974FF226773F700F972E0 /* Assets.xcassets */ = {isa = PBXFileReference; lastKnownFileType = folder.assetcatalog; path = Assets.xcassets; sourceTree = "<group>"; };
		D5B97502226773F700F972E0 /* Base */ = {isa = PBXFileReference; lastKnownFileType = file.storyboard; name = Base; path = Base.lproj/LaunchScreen.storyboard; sourceTree = "<group>"; };
		D5B97504226773F700F972E0 /* Info.plist */ = {isa = PBXFileReference; lastKnownFileType = text.plist.xml; path = Info.plist; sourceTree = "<group>"; };
		D5B97509226773F700F972E0 /* exerciciosTests.xctest */ = {isa = PBXFileReference; explicitFileType = wrapper.cfbundle; includeInIndex = 0; path = exerciciosTests.xctest; sourceTree = BUILT_PRODUCTS_DIR; };
		D5B9750D226773F700F972E0 /* exerciciosTests.swift */ = {isa = PBXFileReference; lastKnownFileType = sourcecode.swift; path = exerciciosTests.swift; sourceTree = "<group>"; };
		D5B9750F226773F700F972E0 /* Info.plist */ = {isa = PBXFileReference; lastKnownFileType = text.plist.xml; path = Info.plist; sourceTree = "<group>"; };
		D5B97514226773F700F972E0 /* exerciciosUITests.xctest */ = {isa = PBXFileReference; explicitFileType = wrapper.cfbundle; includeInIndex = 0; path = exerciciosUITests.xctest; sourceTree = BUILT_PRODUCTS_DIR; };
		D5B97518226773F700F972E0 /* exerciciosUITests.swift */ = {isa = PBXFileReference; lastKnownFileType = sourcecode.swift; path = exerciciosUITests.swift; sourceTree = "<group>"; };
		D5B9751A226773F700F972E0 /* Info.plist */ = {isa = PBXFileReference; lastKnownFileType = text.plist.xml; path = Info.plist; sourceTree = "<group>"; };
/* End PBXFileReference section */

/* Begin PBXFrameworksBuildPhase section */
		D5B974F2226773F400F972E0 /* Frameworks */ = {
			isa = PBXFrameworksBuildPhase;
			buildActionMask = 2147483647;
			files = (
			);
			runOnlyForDeploymentPostprocessing = 0;
		};
		D5B97506226773F700F972E0 /* Frameworks */ = {
			isa = PBXFrameworksBuildPhase;
			buildActionMask = 2147483647;
			files = (
			);
			runOnlyForDeploymentPostprocessing = 0;
		};
		D5B97511226773F700F972E0 /* Frameworks */ = {
			isa = PBXFrameworksBuildPhase;
			buildActionMask = 2147483647;
			files = (
			);
			runOnlyForDeploymentPostprocessing = 0;
		};
/* End PBXFrameworksBuildPhase section */

/* Begin PBXGroup section */
		D5B974EC226773F400F972E0 = {
			isa = PBXGroup;
			children = (
				D5B974F7226773F400F972E0 /* exercicios */,
				D5B9750C226773F700F972E0 /* exerciciosTests */,
				D5B97517226773F700F972E0 /* exerciciosUITests */,
				D5B974F6226773F400F972E0 /* Products */,
			);
			sourceTree = "<group>";
		};
		D5B974F6226773F400F972E0 /* Products */ = {
			isa = PBXGroup;
			children = (
				D5B974F5226773F400F972E0 /* exercicios.app */,
				D5B97509226773F700F972E0 /* exerciciosTests.xctest */,
				D5B97514226773F700F972E0 /* exerciciosUITests.xctest */,
			);
			name = Products;
			sourceTree = "<group>";
		};
		D5B974F7226773F400F972E0 /* exercicios */ = {
			isa = PBXGroup;
			children = (
				D5B974F8226773F400F972E0 /* AppDelegate.swift */,
				D5B974FA226773F400F972E0 /* ViewController.swift */,
				D5B974FC226773F400F972E0 /* Main.storyboard */,
				D5B974FF226773F700F972E0 /* Assets.xcassets */,
				D5B97501226773F700F972E0 /* LaunchScreen.storyboard */,
				D5B97504226773F700F972E0 /* Info.plist */,
			);
			path = exercicios;
			sourceTree = "<group>";
		};
		D5B9750C226773F700F972E0 /* exerciciosTests */ = {
			isa = PBXGroup;
			children = (
				D5B9750D226773F700F972E0 /* exerciciosTests.swift */,
				D5B9750F226773F700F972E0 /* Info.plist */,
			);
			path = exerciciosTests;
			sourceTree = "<group>";
		};
		D5B97517226773F700F972E0 /* exerciciosUITests */ = {
			isa = PBXGroup;
			children = (
				D5B97518226773F700F972E0 /* exerciciosUITests.swift */,
				D5B9751A226773F700F972E0 /* Info.plist */,
			);
			path = exerciciosUITests;
			sourceTree = "<group>";
		};
/* End PBXGroup section */

/* Begin PBXNativeTarget section */
		D5B974F4226773F400F972E0 /* exercicios */ = {
			isa = PBXNativeTarget;
			buildConfigurationList = D5B9751D226773F700F972E0 /* Build configuration list for PBXNativeTarget "exercicios" */;
			buildPhases = (
				D5B974F1226773F400F972E0 /* Sources */,
				D5B974F2226773F400F972E0 /* Frameworks */,
				D5B974F3226773F400F972E0 /* Resources */,
			);
			buildRules = (
			);
			dependencies = (
			);
			name = exercicios;
			productName = exercicios;
			productReference = D5B974F5226773F400F972E0 /* exercicios.app */;
			productType = "com.apple.product-type.application";
		};
		D5B97508226773F700F972E0 /* exerciciosTests */ = {
			isa = PBXNativeTarget;
			buildConfigurationList = D5B97520226773F700F972E0 /* Build configuration list for PBXNativeTarget "exerciciosTests" */;
			buildPhases = (
				D5B97505226773F700F972E0 /* Sources */,
				D5B97506226773F700F972E0 /* Frameworks */,
				D5B97507226773F700F972E0 /* Resources */,
			);
			buildRules = (
			);
			dependencies = (
				D5B9750B226773F700F972E0 /* PBXTargetDependency */,
			);
			name = exerciciosTests;
			productName = exerciciosTests;
			productReference = D5B97509226773F700F972E0 /* exerciciosTests.xctest */;
			productType = "com.apple.product-type.bundle.unit-test";
		};
		D5B97513226773F700F972E0 /* exerciciosUITests */ = {
			isa = PBXNativeTarget;
			buildConfigurationList = D5B97523226773F700F972E0 /* Build configuration list for PBXNativeTarget "exerciciosUITests" */;
			buildPhases = (
				D5B97510226773F700F972E0 /* Sources */,
				D5B97511226773F700F972E0 /* Frameworks */,
				D5B97512226773F700F972E0 /* Resources */,
			);
			buildRules = (
			);
			dependencies = (
				D5B97516226773F700F972E0 /* PBXTargetDependency */,
			);
			name = exerciciosUITests;
			productName = exerciciosUITests;
			productReference = D5B97514226773F700F972E0 /* exerciciosUITests.xctest */;
			productType = "com.apple.product-type.bundle.ui-testing";
		};
/* End PBXNativeTarget section */

/* Begin PBXProject section */
		D5B974ED226773F400F972E0 /* Project object */ = {
			isa = PBXProject;
			attributes = {
				LastSwiftUpdateCheck = 1010;
				LastUpgradeCheck = 1010;
				ORGANIZATIONNAME = mcastro;
				TargetAttributes = {
					D5B974F4226773F400F972E0 = {
						CreatedOnToolsVersion = 10.1;
					};
					D5B97508226773F700F972E0 = {
						CreatedOnToolsVersion = 10.1;
						TestTargetID = D5B974F4226773F400F972E0;
					};
					D5B97513226773F700F972E0 = {
						CreatedOnToolsVersion = 10.1;
						TestTargetID = D5B974F4226773F400F972E0;
					};
				};
			};
			buildConfigurationList = D5B974F0226773F400F972E0 /* Build configuration list for PBXProject "exercicios" */;
			compatibilityVersion = "Xcode 9.3";
			developmentRegion = en;
			hasScannedForEncodings = 0;
			knownRegions = (
				en,
				Base,
			);
			mainGroup = D5B974EC226773F400F972E0;
			productRefGroup = D5B974F6226773F400F972E0 /* Products */;
			projectDirPath = "";
			projectRoot = "";
			targets = (
				D5B974F4226773F400F972E0 /* exercicios */,
				D5B97508226773F700F972E0 /* exerciciosTests */,
				D5B97513226773F700F972E0 /* exerciciosUITests */,
			);
		};
/* End PBXProject section */

/* Begin PBXResourcesBuildPhase section */
		D5B974F3226773F400F972E0 /* Resources */ = {
			isa = PBXResourcesBuildPhase;
			buildActionMask = 2147483647;
			files = (
				D5B97503226773F700F972E0 /* LaunchScreen.storyboard in Resources */,
				D5B97500226773F700F972E0 /* Assets.xcassets in Resources */,
				D5B974FE226773F400F972E0 /* Main.storyboard in Resources */,
			);
			runOnlyForDeploymentPostprocessing = 0;
		};
		D5B97507226773F700F972E0 /* Resources */ = {
			isa = PBXResourcesBuildPhase;
			buildActionMask = 2147483647;
			files = (
			);
			runOnlyForDeploymentPostprocessing = 0;
		};
		D5B97512226773F700F972E0 /* Resources */ = {
			isa = PBXResourcesBuildPhase;
			buildActionMask = 2147483647;
			files = (
			);
			runOnlyForDeploymentPostprocessing = 0;
		};
/* End PBXResourcesBuildPhase section */

/* Begin PBXSourcesBuildPhase section */
		D5B974F1226773F400F972E0 /* Sources */ = {
			isa = PBXSourcesBuildPhase;
			buildActionMask = 2147483647;
			files = (
				D5B974FB226773F400F972E0 /* ViewController.swift in Sources */,
				D5B974F9226773F400F972E0 /* AppDelegate.swift in Sources */,
			);
			runOnlyForDeploymentPostprocessing = 0;
		};
		D5B97505226773F700F972E0 /* Sources */ = {
			isa = PBXSourcesBuildPhase;
			buildActionMask = 2147483647;
			files = (
				D5B9750E226773F700F972E0 /* exerciciosTests.swift in Sources */,
			);
			runOnlyForDeploymentPostprocessing = 0;
		};
		D5B97510226773F700F972E0 /* Sources */ = {
			isa = PBXSourcesBuildPhase;
			buildActionMask = 2147483647;
			files = (
				D5B97519226773F700F972E0 /* exerciciosUITests.swift in Sources */,
			);
			runOnlyForDeploymentPostprocessing = 0;
		};
/* End PBXSourcesBuildPhase section */

/* Begin PBXTargetDependency section */
		D5B9750B226773F700F972E0 /* PBXTargetDependency */ = {
			isa = PBXTargetDependency;
			target = D5B974F4226773F400F972E0 /* exercicios */;
			targetProxy = D5B9750A226773F700F972E0 /* PBXContainerItemProxy */;
		};
		D5B97516226773F700F972E0 /* PBXTargetDependency */ = {
			isa = PBXTargetDependency;
			target = D5B974F4226773F400F972E0 /* exercicios */;
			targetProxy = D5B97515226773F700F972E0 /* PBXContainerItemProxy */;
		};
/* End PBXTargetDependency section */

/* Begin PBXVariantGroup section */
		D5B974FC226773F400F972E0 /* Main.storyboard */ = {
			isa = PBXVariantGroup;
			children = (
				D5B974FD226773F400F972E0 /* Base */,
			);
			name = Main.storyboard;
			sourceTree = "<group>";
		};
		D5B97501226773F700F972E0 /* LaunchScreen.storyboard */ = {
			isa = PBXVariantGroup;
			children = (
				D5B97502226773F700F972E0 /* Base */,
			);
			name = LaunchScreen.storyboard;
			sourceTree = "<group>";
		};
/* End PBXVariantGroup section */

/* Begin XCBuildConfiguration section */
		D5B9751B226773F700F972E0 /* Debug */ = {
			isa = XCBuildConfiguration;
			buildSettings = {
				ALWAYS_SEARCH_USER_PATHS = NO;
				CLANG_ANALYZER_NONNULL = YES;
				CLANG_ANALYZER_NUMBER_OBJECT_CONVERSION = YES_AGGRESSIVE;
				CLANG_CXX_LANGUAGE_STANDARD = "gnu++14";
				CLANG_CXX_LIBRARY = "libc++";
				CLANG_ENABLE_MODULES = YES;
				CLANG_ENABLE_OBJC_ARC = YES;
				CLANG_ENABLE_OBJC_WEAK = YES;
				CLANG_WARN_BLOCK_CAPTURE_AUTORELEASING = YES;
				CLANG_WARN_BOOL_CONVERSION = YES;
				CLANG_WARN_COMMA = YES;
				CLANG_WARN_CONSTANT_CONVERSION = YES;
				CLANG_WARN_DEPRECATED_OBJC_IMPLEMENTATIONS = YES;
				CLANG_WARN_DIRECT_OBJC_ISA_USAGE = YES_ERROR;
				CLANG_WARN_DOCUMENTATION_COMMENTS = YES;
				CLANG_WARN_EMPTY_BODY = YES;
				CLANG_WARN_ENUM_CONVERSION = YES;
				CLANG_WARN_INFINITE_RECURSION = YES;
				CLANG_WARN_INT_CONVERSION = YES;
				CLANG_WARN_NON_LITERAL_NULL_CONVERSION = YES;
				CLANG_WARN_OBJC_IMPLICIT_RETAIN_SELF = YES;
				CLANG_WARN_OBJC_LITERAL_CONVERSION = YES;
				CLANG_WARN_OBJC_ROOT_CLASS = YES_ERROR;
				CLANG_WARN_RANGE_LOOP_ANALYSIS = YES;
				CLANG_WARN_STRICT_PROTOTYPES = YES;
				CLANG_WARN_SUSPICIOUS_MOVE = YES;
				CLANG_WARN_UNGUARDED_AVAILABILITY = YES_AGGRESSIVE;
				CLANG_WARN_UNREACHABLE_CODE = YES;
				CLANG_WARN__DUPLICATE_METHOD_MATCH = YES;
				CODE_SIGN_IDENTITY = "iPhone Developer";
				COPY_PHASE_STRIP = NO;
				DEBUG_INFORMATION_FORMAT = dwarf;
				ENABLE_STRICT_OBJC_MSGSEND = YES;
				ENABLE_TESTABILITY = YES;
				GCC_C_LANGUAGE_STANDARD = gnu11;
				GCC_DYNAMIC_NO_PIC = NO;
				GCC_NO_COMMON_BLOCKS = YES;
				GCC_OPTIMIZATION_LEVEL = 0;
				GCC_PREPROCESSOR_DEFINITIONS = (
					"DEBUG=1",
					"$(inherited)",
				);
				GCC_WARN_64_TO_32_BIT_CONVERSION = YES;
				GCC_WARN_ABOUT_RETURN_TYPE = YES_ERROR;
				GCC_WARN_UNDECLARED_SELECTOR = YES;
				GCC_WARN_UNINITIALIZED_AUTOS = YES_AGGRESSIVE;
				GCC_WARN_UNUSED_FUNCTION = YES;
				GCC_WARN_UNUSED_VARIABLE = YES;
				IPHONEOS_DEPLOYMENT_TARGET = 12.1;
				MTL_ENABLE_DEBUG_INFO = INCLUDE_SOURCE;
				MTL_FAST_MATH = YES;
				ONLY_ACTIVE_ARCH = YES;
				SDKROOT = iphoneos;
				SWIFT_ACTIVE_COMPILATION_CONDITIONS = DEBUG;
				SWIFT_OPTIMIZATION_LEVEL = "-Onone";
			};
			name = Debug;
		};
		D5B9751C226773F700F972E0 /* Release */ = {
			isa = XCBuildConfiguration;
			buildSettings = {
				ALWAYS_SEARCH_USER_PATHS = NO;
				CLANG_ANALYZER_NONNULL = YES;
				CLANG_ANALYZER_NUMBER_OBJECT_CONVERSION = YES_AGGRESSIVE;
				CLANG_CXX_LANGUAGE_STANDARD = "gnu++14";
				CLANG_CXX_LIBRARY = "libc++";
				CLANG_ENABLE_MODULES = YES;
				CLANG_ENABLE_OBJC_ARC = YES;
				CLANG_ENABLE_OBJC_WEAK = YES;
				CLANG_WARN_BLOCK_CAPTURE_AUTORELEASING = YES;
				CLANG_WARN_BOOL_CONVERSION = YES;
				CLANG_WARN_COMMA = YES;
				CLANG_WARN_CONSTANT_CONVERSION = YES;
				CLANG_WARN_DEPRECATED_OBJC_IMPLEMENTATIONS = YES;
				CLANG_WARN_DIRECT_OBJC_ISA_USAGE = YES_ERROR;
				CLANG_WARN_DOCUMENTATION_COMMENTS = YES;
				CLANG_WARN_EMPTY_BODY = YES;
				CLANG_WARN_ENUM_CONVERSION = YES;
				CLANG_WARN_INFINITE_RECURSION = YES;
				CLANG_WARN_INT_CONVERSION = YES;
				CLANG_WARN_NON_LITERAL_NULL_CONVERSION = YES;
				CLANG_WARN_OBJC_IMPLICIT_RETAIN_SELF = YES;
				CLANG_WARN_OBJC_LITERAL_CONVERSION = YES;
				CLANG_WARN_OBJC_ROOT_CLASS = YES_ERROR;
				CLANG_WARN_RANGE_LOOP_ANALYSIS = YES;
				CLANG_WARN_STRICT_PROTOTYPES = YES;
				CLANG_WARN_SUSPICIOUS_MOVE = YES;
				CLANG_WARN_UNGUARDED_AVAILABILITY = YES_AGGRESSIVE;
				CLANG_WARN_UNREACHABLE_CODE = YES;
				CLANG_WARN__DUPLICATE_METHOD_MATCH = YES;
				CODE_SIGN_IDENTITY = "iPhone Developer";
				COPY_PHASE_STRIP = NO;
				DEBUG_INFORMATION_FORMAT = "dwarf-with-dsym";
				ENABLE_NS_ASSERTIONS = NO;
				ENABLE_STRICT_OBJC_MSGSEND = YES;
				GCC_C_LANGUAGE_STANDARD = gnu11;
				GCC_NO_COMMON_BLOCKS = YES;
				GCC_WARN_64_TO_32_BIT_CONVERSION = YES;
				GCC_WARN_ABOUT_RETURN_TYPE = YES_ERROR;
				GCC_WARN_UNDECLARED_SELECTOR = YES;
				GCC_WARN_UNINITIALIZED_AUTOS = YES_AGGRESSIVE;
				GCC_WARN_UNUSED_FUNCTION = YES;
				GCC_WARN_UNUSED_VARIABLE = YES;
				IPHONEOS_DEPLOYMENT_TARGET = 12.1;
				MTL_ENABLE_DEBUG_INFO = NO;
				MTL_FAST_MATH = YES;
				SDKROOT = iphoneos;
				SWIFT_COMPILATION_MODE = wholemodule;
				SWIFT_OPTIMIZATION_LEVEL = "-O";
				VALIDATE_PRODUCT = YES;
			};
			name = Release;
		};
		D5B9751E226773F700F972E0 /* Debug */ = {
			isa = XCBuildConfiguration;
			buildSettings = {
				ASSETCATALOG_COMPILER_APPICON_NAME = AppIcon;
				CODE_SIGN_STYLE = Automatic;
				INFOPLIST_FILE = exercicios/Info.plist;
				LD_RUNPATH_SEARCH_PATHS = (
					"$(inherited)",
					"@executable_path/Frameworks",
				);
				PRODUCT_BUNDLE_IDENTIFIER = com.mathcastro.exercicios;
				PRODUCT_NAME = "$(TARGET_NAME)";
				SWIFT_VERSION = 4.2;
				TARGETED_DEVICE_FAMILY = "1,2";
			};
			name = Debug;
		};
		D5B9751F226773F700F972E0 /* Release */ = {
			isa = XCBuildConfiguration;
			buildSettings = {
				ASSETCATALOG_COMPILER_APPICON_NAME = AppIcon;
				CODE_SIGN_STYLE = Automatic;
				INFOPLIST_FILE = exercicios/Info.plist;
				LD_RUNPATH_SEARCH_PATHS = (
					"$(inherited)",
					"@executable_path/Frameworks",
				);
				PRODUCT_BUNDLE_IDENTIFIER = com.mathcastro.exercicios;
				PRODUCT_NAME = "$(TARGET_NAME)";
				SWIFT_VERSION = 4.2;
				TARGETED_DEVICE_FAMILY = "1,2";
			};
			name = Release;
		};
		D5B97521226773F700F972E0 /* Debug */ = {
			isa = XCBuildConfiguration;
			buildSettings = {
				ALWAYS_EMBED_SWIFT_STANDARD_LIBRARIES = YES;
				BUNDLE_LOADER = "$(TEST_HOST)";
				CODE_SIGN_STYLE = Automatic;
				INFOPLIST_FILE = exerciciosTests/Info.plist;
				LD_RUNPATH_SEARCH_PATHS = (
					"$(inherited)",
					"@executable_path/Frameworks",
					"@loader_path/Frameworks",
				);
				PRODUCT_BUNDLE_IDENTIFIER = com.mathcastro.exerciciosTests;
				PRODUCT_NAME = "$(TARGET_NAME)";
				SWIFT_VERSION = 4.2;
				TARGETED_DEVICE_FAMILY = "1,2";
				TEST_HOST = "$(BUILT_PRODUCTS_DIR)/exercicios.app/exercicios";
			};
			name = Debug;
		};
		D5B97522226773F700F972E0 /* Release */ = {
			isa = XCBuildConfiguration;
			buildSettings = {
				ALWAYS_EMBED_SWIFT_STANDARD_LIBRARIES = YES;
				BUNDLE_LOADER = "$(TEST_HOST)";
				CODE_SIGN_STYLE = Automatic;
				INFOPLIST_FILE = exerciciosTests/Info.plist;
				LD_RUNPATH_SEARCH_PATHS = (
					"$(inherited)",
					"@executable_path/Frameworks",
					"@loader_path/Frameworks",
				);
				PRODUCT_BUNDLE_IDENTIFIER = com.mathcastro.exerciciosTests;
				PRODUCT_NAME = "$(TARGET_NAME)";
				SWIFT_VERSION = 4.2;
				TARGETED_DEVICE_FAMILY = "1,2";
				TEST_HOST = "$(BUILT_PRODUCTS_DIR)/exercicios.app/exercicios";
			};
			name = Release;
		};
		D5B97524226773F700F972E0 /* Debug */ = {
			isa = XCBuildConfiguration;
			buildSettings = {
				ALWAYS_EMBED_SWIFT_STANDARD_LIBRARIES = YES;
				CODE_SIGN_STYLE = Automatic;
				INFOPLIST_FILE = exerciciosUITests/Info.plist;
				LD_RUNPATH_SEARCH_PATHS = (
					"$(inherited)",
					"@executable_path/Frameworks",
					"@loader_path/Frameworks",
				);
				PRODUCT_BUNDLE_IDENTIFIER = com.mathcastro.exerciciosUITests;
				PRODUCT_NAME = "$(TARGET_NAME)";
				SWIFT_VERSION = 4.2;
				TARGETED_DEVICE_FAMILY = "1,2";
				TEST_TARGET_NAME = exercicios;
			};
			name = Debug;
		};
		D5B97525226773F700F972E0 /* Release */ = {
			isa = XCBuildConfiguration;
			buildSettings = {
				ALWAYS_EMBED_SWIFT_STANDARD_LIBRARIES = YES;
				CODE_SIGN_STYLE = Automatic;
				INFOPLIST_FILE = exerciciosUITests/Info.plist;
				LD_RUNPATH_SEARCH_PATHS = (
					"$(inherited)",
					"@executable_path/Frameworks",
					"@loader_path/Frameworks",
				);
				PRODUCT_BUNDLE_IDENTIFIER = com.mathcastro.exerciciosUITests;
				PRODUCT_NAME = "$(TARGET_NAME)";
				SWIFT_VERSION = 4.2;
				TARGETED_DEVICE_FAMILY = "1,2";
				TEST_TARGET_NAME = exercicios;
			};
			name = Release;
		};
/* End XCBuildConfiguration section */

/* Begin XCConfigurationList section */
		D5B974F0226773F400F972E0 /* Build configuration list for PBXProject "exercicios" */ = {
			isa = XCConfigurationList;
			buildConfigurations = (
				D5B9751B226773F700F972E0 /* Debug */,
				D5B9751C226773F700F972E0 /* Release */,
			);
			defaultConfigurationIsVisible = 0;
			defaultConfigurationName = Release;
		};
		D5B9751D226773F700F972E0 /* Build configuration list for PBXNativeTarget "exercicios" */ = {
			isa = XCConfigurationList;
			buildConfigurations = (
				D5B9751E226773F700F972E0 /* Debug */,
				D5B9751F226773F700F972E0 /* Release */,
			);
			defaultConfigurationIsVisible = 0;
			defaultConfigurationName = Release;
		};
		D5B97520226773F700F972E0 /* Build configuration list for PBXNativeTarget "exerciciosTests" */ = {
			isa = XCConfigurationList;
			buildConfigurations = (
				D5B97521226773F700F972E0 /* Debug */,
				D5B97522226773F700F972E0 /* Release */,
			);
			defaultConfigurationIsVisible = 0;
			defaultConfigurationName = Release;
		};
		D5B97523226773F700F972E0 /* Build configuration list for PBXNativeTarget "exerciciosUITests" */ = {
			isa = XCConfigurationList;
			buildConfigurations = (
				D5B97524226773F700F972E0 /* Debug */,
				D5B97525226773F700F972E0 /* Release */,
			);
			defaultConfigurationIsVisible = 0;
			defaultConfigurationName = Release;
		};
/* End XCConfigurationList section */
	};
	rootObject = D5B974ED226773F400F972E0 /* Project object */;
}
